// !$*UTF8*$!
{
	archiveVersion = 1;
	classes = {
	};
	objectVersion = 48;
	objects = {

/* Begin PBXBuildFile section */
		277B73412082EBEE0010F475 /* AppDelegate.swift in Sources */ = {isa = PBXBuildFile; fileRef = 277B73402082EBEE0010F475 /* AppDelegate.swift */; };
		277B73432082EBEE0010F475 /* ViewController.swift in Sources */ = {isa = PBXBuildFile; fileRef = 277B73422082EBEE0010F475 /* ViewController.swift */; };
		277B73462082EBEE0010F475 /* Main.storyboard in Resources */ = {isa = PBXBuildFile; fileRef = 277B73442082EBEE0010F475 /* Main.storyboard */; };
		277B73492082EBEE0010F475 /* Assessment2_iOS.xcdatamodeld in Sources */ = {isa = PBXBuildFile; fileRef = 277B73472082EBEE0010F475 /* Assessment2_iOS.xcdatamodeld */; };
		277B734B2082EBEE0010F475 /* Assets.xcassets in Resources */ = {isa = PBXBuildFile; fileRef = 277B734A2082EBEE0010F475 /* Assets.xcassets */; };
		277B734E2082EBEE0010F475 /* LaunchScreen.storyboard in Resources */ = {isa = PBXBuildFile; fileRef = 277B734C2082EBEE0010F475 /* LaunchScreen.storyboard */; };
/* End PBXBuildFile section */

/* Begin PBXFileReference section */
		277B733D2082EBEE0010F475 /* Assessment2 iOS.app */ = {isa = PBXFileReference; explicitFileType = wrapper.application; includeInIndex = 0; path = "Assessment2 iOS.app"; sourceTree = BUILT_PRODUCTS_DIR; };
		277B73402082EBEE0010F475 /* AppDelegate.swift */ = {isa = PBXFileReference; lastKnownFileType = sourcecode.swift; path = AppDelegate.swift; sourceTree = "<group>"; };
		277B73422082EBEE0010F475 /* ViewController.swift */ = {isa = PBXFileReference; lastKnownFileType = sourcecode.swift; path = ViewController.swift; sourceTree = "<group>"; };
		277B73452082EBEE0010F475 /* Base */ = {isa = PBXFileReference; lastKnownFileType = file.storyboard; name = Base; path = Base.lproj/Main.storyboard; sourceTree = "<group>"; };
		277B73482082EBEE0010F475 /* Assessment2_iOS.xcdatamodel */ = {isa = PBXFileReference; lastKnownFileType = wrapper.xcdatamodel; path = Assessment2_iOS.xcdatamodel; sourceTree = "<group>"; };
		277B734A2082EBEE0010F475 /* Assets.xcassets */ = {isa = PBXFileReference; lastKnownFileType = folder.assetcatalog; path = Assets.xcassets; sourceTree = "<group>"; };
		277B734D2082EBEE0010F475 /* Base */ = {isa = PBXFileReference; lastKnownFileType = file.storyboard; name = Base; path = Base.lproj/LaunchScreen.storyboard; sourceTree = "<group>"; };
		277B734F2082EBEF0010F475 /* Info.plist */ = {isa = PBXFileReference; lastKnownFileType = text.plist.xml; path = Info.plist; sourceTree = "<group>"; };
/* End PBXFileReference section */

/* Begin PBXFrameworksBuildPhase section */
		277B733A2082EBEE0010F475 /* Frameworks */ = {
			isa = PBXFrameworksBuildPhase;
			buildActionMask = 2147483647;
			files = (
			);
			runOnlyForDeploymentPostprocessing = 0;
		};
/* End PBXFrameworksBuildPhase section */

/* Begin PBXGroup section */
		277B73342082EBEE0010F475 = {
			isa = PBXGroup;
			children = (
				277B733F2082EBEE0010F475 /* Assessment2 iOS */,
				277B733E2082EBEE0010F475 /* Products */,
			);
			sourceTree = "<group>";
		};
		277B733E2082EBEE0010F475 /* Products */ = {
			isa = PBXGroup;
			children = (
				277B733D2082EBEE0010F475 /* Assessment2 iOS.app */,
			);
			name = Products;
			sourceTree = "<group>";
		};
		277B733F2082EBEE0010F475 /* Assessment2 iOS */ = {
			isa = PBXGroup;
			children = (
				277B73402082EBEE0010F475 /* AppDelegate.swift */,
				277B73422082EBEE0010F475 /* ViewController.swift */,
				277B73442082EBEE0010F475 /* Main.storyboard */,
				277B734A2082EBEE0010F475 /* Assets.xcassets */,
				277B734C2082EBEE0010F475 /* LaunchScreen.storyboard */,
				277B734F2082EBEF0010F475 /* Info.plist */,
				277B73472082EBEE0010F475 /* Assessment2_iOS.xcdatamodeld */,
			);
			path = "Assessment2 iOS";
			sourceTree = "<group>";
		};
/* End PBXGroup section */

/* Begin PBXNativeTarget section */
		277B733C2082EBEE0010F475 /* Assessment2 iOS */ = {
			isa = PBXNativeTarget;
			buildConfigurationList = 277B73522082EBEF0010F475 /* Build configuration list for PBXNativeTarget "Assessment2 iOS" */;
			buildPhases = (
				277B73392082EBEE0010F475 /* Sources */,
				277B733A2082EBEE0010F475 /* Frameworks */,
				277B733B2082EBEE0010F475 /* Resources */,
			);
			buildRules = (
			);
			dependencies = (
			);
			name = "Assessment2 iOS";
			productName = "Assessment2 iOS";
			productReference = 277B733D2082EBEE0010F475 /* Assessment2 iOS.app */;
			productType = "com.apple.product-type.application";
		};
/* End PBXNativeTarget section */

/* Begin PBXProject section */
		277B73352082EBEE0010F475 /* Project object */ = {
			isa = PBXProject;
			attributes = {
				LastSwiftUpdateCheck = 0920;
				LastUpgradeCheck = 0920;
				ORGANIZATIONNAME = "Bersabeh Asefa";
				TargetAttributes = {
					277B733C2082EBEE0010F475 = {
						CreatedOnToolsVersion = 9.2;
						ProvisioningStyle = Automatic;
					};
				};
			};
			buildConfigurationList = 277B73382082EBEE0010F475 /* Build configuration list for PBXProject "Assessment2 iOS" */;
			compatibilityVersion = "Xcode 8.0";
			developmentRegion = en;
			hasScannedForEncodings = 0;
			knownRegions = (
				en,
				Base,
			);
			mainGroup = 277B73342082EBEE0010F475;
			productRefGroup = 277B733E2082EBEE0010F475 /* Products */;
			projectDirPath = "";
			projectRoot = "";
			targets = (
				277B733C2082EBEE0010F475 /* Assessment2 iOS */,
			);
		};
/* End PBXProject section */

/* Begin PBXResourcesBuildPhase section */
		277B733B2082EBEE0010F475 /* Resources */ = {
			isa = PBXResourcesBuildPhase;
			buildActionMask = 2147483647;
			files = (
				277B734E2082EBEE0010F475 /* LaunchScreen.storyboard in Resources */,
				277B734B2082EBEE0010F475 /* Assets.xcassets in Resources */,
				277B73462082EBEE0010F475 /* Main.storyboard in Resources */,
			);
			runOnlyForDeploymentPostprocessing = 0;
		};
/* End PBXResourcesBuildPhase section */

/* Begin PBXSourcesBuildPhase section */
		277B73392082EBEE0010F475 /* Sources */ = {
			isa = PBXSourcesBuildPhase;
			buildActionMask = 2147483647;
			files = (
				277B73492082EBEE0010F475 /* Assessment2_iOS.xcdatamodeld in Sources */,
				277B73432082EBEE0010F475 /* ViewController.swift in Sources */,
				277B73412082EBEE0010F475 /* AppDelegate.swift in Sources */,
			);
			runOnlyForDeploymentPostprocessing = 0;
		};
/* End PBXSourcesBuildPhase section */

/* Begin PBXVariantGroup section */
		277B73442082EBEE0010F475 /* Main.storyboard */ = {
			isa = PBXVariantGroup;
			children = (
				277B73452082EBEE0010F475 /* Base */,
			);
			name = Main.storyboard;
			sourceTree = "<group>";
		};
		277B734C2082EBEE0010F475 /* LaunchScreen.storyboard */ = {
			isa = PBXVariantGroup;
			children = (
				277B734D2082EBEE0010F475 /* Base */,
			);
			name = LaunchScreen.storyboard;
			sourceTree = "<group>";
		};
/* End PBXVariantGroup section */

/* Begin XCBuildConfiguration section */
		277B73502082EBEF0010F475 /* Debug */ = {
			isa = XCBuildConfiguration;
			buildSettings = {
				ALWAYS_SEARCH_USER_PATHS = NO;
				CLANG_ANALYZER_NONNULL = YES;
				CLANG_ANALYZER_NUMBER_OBJECT_CONVERSION = YES_AGGRESSIVE;
				CLANG_CXX_LANGUAGE_STANDARD = "gnu++14";
				CLANG_CXX_LIBRARY = "libc++";
				CLANG_ENABLE_MODULES = YES;
				CLANG_ENABLE_OBJC_ARC = YES;
				CLANG_WARN_BLOCK_CAPTURE_AUTORELEASING = YES;
				CLANG_WARN_BOOL_CONVERSION = YES;
				CLANG_WARN_COMMA = YES;
				CLANG_WARN_CONSTANT_CONVERSION = YES;
				CLANG_WARN_DIRECT_OBJC_ISA_USAGE = YES_ERROR;
				CLANG_WARN_DOCUMENTATION_COMMENTS = YES;
				CLANG_WARN_EMPTY_BODY = YES;
				CLANG_WARN_ENUM_CONVERSION = YES;
				CLANG_WARN_INFINITE_RECURSION = YES;
				CLANG_WARN_INT_CONVERSION = YES;
				CLANG_WARN_NON_LITERAL_NULL_CONVERSION = YES;
				CLANG_WARN_OBJC_LITERAL_CONVERSION = YES;
				CLANG_WARN_OBJC_ROOT_CLASS = YES_ERROR;
				CLANG_WARN_RANGE_LOOP_ANALYSIS = YES;
				CLANG_WARN_STRICT_PROTOTYPES = YES;
				CLANG_WARN_SUSPICIOUS_MOVE = YES;
				CLANG_WARN_UNGUARDED_AVAILABILITY = YES_AGGRESSIVE;
				CLANG_WARN_UNREACHABLE_CODE = YES;
				CLANG_WARN__DUPLICATE_METHOD_MATCH = YES;
				CODE_SIGN_IDENTITY = "iPhone Developer";
				COPY_PHASE_STRIP = NO;
				DEBUG_INFORMATION_FORMAT = dwarf;
				ENABLE_STRICT_OBJC_MSGSEND = YES;
				ENABLE_TESTABILITY = YES;
				GCC_C_LANGUAGE_STANDARD = gnu11;
				GCC_DYNAMIC_NO_PIC = NO;
				GCC_NO_COMMON_BLOCKS = YES;
				GCC_OPTIMIZATION_LEVEL = 0;
				GCC_PREPROCESSOR_DEFINITIONS = (
					"DEBUG=1",
					"$(inherited)",
				);
				GCC_WARN_64_TO_32_BIT_CONVERSION = YES;
				GCC_WARN_ABOUT_RETURN_TYPE = YES_ERROR;
				GCC_WARN_UNDECLARED_SELECTOR = YES;
				GCC_WARN_UNINITIALIZED_AUTOS = YES_AGGRESSIVE;
				GCC_WARN_UNUSED_FUNCTION = YES;
				GCC_WARN_UNUSED_VARIABLE = YES;
				IPHONEOS_DEPLOYMENT_TARGET = 11.2;
				MTL_ENABLE_DEBUG_INFO = YES;
				ONLY_ACTIVE_ARCH = YES;
				SDKROOT = iphoneos;
				SWIFT_ACTIVE_COMPILATION_CONDITIONS = DEBUG;
				SWIFT_OPTIMIZATION_LEVEL = "-Onone";
			};
			name = Debug;
		};
		277B73512082EBEF0010F475 /* Release */ = {
			isa = XCBuildConfiguration;
			buildSettings = {
				ALWAYS_SEARCH_USER_PATHS = NO;
				CLANG_ANALYZER_NONNULL = YES;
				CLANG_ANALYZER_NUMBER_OBJECT_CONVERSION = YES_AGGRESSIVE;
				CLANG_CXX_LANGUAGE_STANDARD = "gnu++14";
				CLANG_CXX_LIBRARY = "libc++";
				CLANG_ENABLE_MODULES = YES;
				CLANG_ENABLE_OBJC_ARC = YES;
				CLANG_WARN_BLOCK_CAPTURE_AUTORELEASING = YES;
				CLANG_WARN_BOOL_CONVERSION = YES;
				CLANG_WARN_COMMA = YES;
				CLANG_WARN_CONSTANT_CONVERSION = YES;
				CLANG_WARN_DIRECT_OBJC_ISA_USAGE = YES_ERROR;
				CLANG_WARN_DOCUMENTATION_COMMENTS = YES;
				CLANG_WARN_EMPTY_BODY = YES;
				CLANG_WARN_ENUM_CONVERSION = YES;
				CLANG_WARN_INFINITE_RECURSION = YES;
				CLANG_WARN_INT_CONVERSION = YES;
				CLANG_WARN_NON_LITERAL_NULL_CONVERSION = YES;
				CLANG_WARN_OBJC_LITERAL_CONVERSION = YES;
				CLANG_WARN_OBJC_ROOT_CLASS = YES_ERROR;
				CLANG_WARN_RANGE_LOOP_ANALYSIS = YES;
				CLANG_WARN_STRICT_PROTOTYPES = YES;
				CLANG_WARN_SUSPICIOUS_MOVE = YES;
				CLANG_WARN_UNGUARDED_AVAILABILITY = YES_AGGRESSIVE;
				CLANG_WARN_UNREACHABLE_CODE = YES;
				CLANG_WARN__DUPLICATE_METHOD_MATCH = YES;
				CODE_SIGN_IDENTITY = "iPhone Developer";
				COPY_PHASE_STRIP = NO;
				DEBUG_INFORMATION_FORMAT = "dwarf-with-dsym";
				ENABLE_NS_ASSERTIONS = NO;
				ENABLE_STRICT_OBJC_MSGSEND = YES;
				GCC_C_LANGUAGE_STANDARD = gnu11;
				GCC_NO_COMMON_BLOCKS = YES;
				GCC_WARN_64_TO_32_BIT_CONVERSION = YES;
				GCC_WARN_ABOUT_RETURN_TYPE = YES_ERROR;
				GCC_WARN_UNDECLARED_SELECTOR = YES;
				GCC_WARN_UNINITIALIZED_AUTOS = YES_AGGRESSIVE;
				GCC_WARN_UNUSED_FUNCTION = YES;
				GCC_WARN_UNUSED_VARIABLE = YES;
				IPHONEOS_DEPLOYMENT_TARGET = 11.2;
				MTL_ENABLE_DEBUG_INFO = NO;
				SDKROOT = iphoneos;
				SWIFT_OPTIMIZATION_LEVEL = "-Owholemodule";
				VALIDATE_PRODUCT = YES;
			};
			name = Release;
		};
		277B73532082EBEF0010F475 /* Debug */ = {
			isa = XCBuildConfiguration;
			buildSettings = {
				ASSETCATALOG_COMPILER_APPICON_NAME = AppIcon;
				CODE_SIGN_STYLE = Automatic;
				INFOPLIST_FILE = "Assessment2 iOS/Info.plist";
				LD_RUNPATH_SEARCH_PATHS = "$(inherited) @executable_path/Frameworks";
				PRODUCT_BUNDLE_IDENTIFIER = "bersabeh.Assessment2-iOS";
				PRODUCT_NAME = "$(TARGET_NAME)";
				SWIFT_VERSION = 4.0;
				TARGETED_DEVICE_FAMILY = "1,2";
			};
			name = Debug;
		};
		277B73542082EBEF0010F475 /* Release */ = {
			isa = XCBuildConfiguration;
			buildSettings = {
				ASSETCATALOG_COMPILER_APPICON_NAME = AppIcon;
				CODE_SIGN_STYLE = Automatic;
				INFOPLIST_FILE = "Assessment2 iOS/Info.plist";
				LD_RUNPATH_SEARCH_PATHS = "$(inherited) @executable_path/Frameworks";
				PRODUCT_BUNDLE_IDENTIFIER = "bersabeh.Assessment2-iOS";
				PRODUCT_NAME = "$(TARGET_NAME)";
				SWIFT_VERSION = 4.0;
				TARGETED_DEVICE_FAMILY = "1,2";
			};
			name = Release;
		};
/* End XCBuildConfiguration section */

/* Begin XCConfigurationList section */
		277B73382082EBEE0010F475 /* Build configuration list for PBXProject "Assessment2 iOS" */ = {
			isa = XCConfigurationList;
			buildConfigurations = (
				277B73502082EBEF0010F475 /* Debug */,
				277B73512082EBEF0010F475 /* Release */,
			);
			defaultConfigurationIsVisible = 0;
			defaultConfigurationName = Release;
		};
		277B73522082EBEF0010F475 /* Build configuration list for PBXNativeTarget "Assessment2 iOS" */ = {
			isa = XCConfigurationList;
			buildConfigurations = (
				277B73532082EBEF0010F475 /* Debug */,
				277B73542082EBEF0010F475 /* Release */,
			);
			defaultConfigurationIsVisible = 0;
			defaultConfigurationName = Release;
		};
/* End XCConfigurationList section */

/* Begin XCVersionGroup section */
		277B73472082EBEE0010F475 /* Assessment2_iOS.xcdatamodeld */ = {
			isa = XCVersionGroup;
			children = (
				277B73482082EBEE0010F475 /* Assessment2_iOS.xcdatamodel */,
			);
			currentVersion = 277B73482082EBEE0010F475 /* Assessment2_iOS.xcdatamodel */;
			path = Assessment2_iOS.xcdatamodeld;
			sourceTree = "<group>";
			versionGroupType = wrapper.xcdatamodel;
		};
/* End XCVersionGroup section */
	};
	rootObject = 277B73352082EBEE0010F475 /* Project object */;
}
